{
    "version": 3,
    "terraform_version": "0.11.13",
    "serial": 29,
    "lineage": "01a6b1a3-9097-a419-5985-34f256d98903",
    "modules": [
        {
            "path": [
                "root"
            ],
            "outputs": {
                "container_name": {
                    "sensitive": false,
                    "type": "string",
                    "value": "blog_dev"
                },
                "ip_address": {
                    "sensitive": false,
                    "type": "string",
                    "value": "172.17.0.2"
                }
            },
            "resources": {
                "docker_container.container_id": {
                    "type": "docker_container",
                    "depends_on": [
                        "docker_image.image_id"
                    ],
                    "primary": {
                        "id": "0e6109f3aa0593a6ff6de3cd63b0ebfbf0b3ba4aea1b1f3313c6146af4cc06e4",
                        "attributes": {
                            "attach": "false",
                            "bridge": "",
                            "gateway": "172.17.0.1",
                            "id": "0e6109f3aa0593a6ff6de3cd63b0ebfbf0b3ba4aea1b1f3313c6146af4cc06e4",
                            "image": "sha256:e706fb11068af625e2e250a1f25d6f9b914e6a9d822d55c928c7e0431f5ac552",
                            "ip_address": "172.17.0.2",
                            "ip_prefix_length": "16",
                            "log_driver": "json-file",
                            "logs": "false",
                            "must_run": "true",
                            "name": "blog_dev",
                            "network_data.#": "1",
                            "network_data.0.gateway": "172.17.0.1",
                            "network_data.0.ip_address": "172.17.0.2",
                            "network_data.0.ip_prefix_length": "16",
                            "network_data.0.network_name": "bridge",
                            "ports.#": "1",
                            "ports.0.external": "8081",
                            "ports.0.internal": "2368",
                            "ports.0.ip": "0.0.0.0",
                            "ports.0.protocol": "tcp",
                            "restart": "no",
                            "rm": "false",
                            "start": "true"
                        },
                        "meta": {
                            "schema_version": "1"
                        },
                        "tainted": false
                    },
                    "deposed": [],
                    "provider": "provider.docker"
                },
                "docker_image.image_id": {
                    "type": "docker_image",
                    "depends_on": [],
                    "primary": {
                        "id": "sha256:e706fb11068af625e2e250a1f25d6f9b914e6a9d822d55c928c7e0431f5ac552ghost:latest",
                        "attributes": {
                            "id": "sha256:e706fb11068af625e2e250a1f25d6f9b914e6a9d822d55c928c7e0431f5ac552ghost:latest",
                            "latest": "sha256:e706fb11068af625e2e250a1f25d6f9b914e6a9d822d55c928c7e0431f5ac552",
                            "name": "ghost:latest"
                        },
                        "meta": {},
                        "tainted": false
                    },
                    "deposed": [],
                    "provider": "provider.docker"
                }
            },
            "depends_on": []
        }
    ]
}
