{
    "version": 3,
    "terraform_version": "0.11.13",
    "serial": 3,
    "lineage": "043c1d74-e80a-8241-a771-059cc328fce8",
    "modules": [
        {
            "path": [
                "root"
            ],
            "outputs": {
                "container_name": {
                    "sensitive": false,
                    "type": "string",
                    "value": "blog_prod"
                },
                "ip_address": {
                    "sensitive": false,
                    "type": "string",
                    "value": "172.17.0.3"
                }
            },
            "resources": {
                "docker_container.container_id": {
                    "type": "docker_container",
                    "depends_on": [
                        "docker_image.image_id"
                    ],
                    "primary": {
                        "id": "6c68732bceee3452b666246d9490147a1e08ff4c3deb5f46aa79c169b4def7df",
                        "attributes": {
                            "attach": "false",
                            "bridge": "",
                            "gateway": "172.17.0.1",
                            "id": "6c68732bceee3452b666246d9490147a1e08ff4c3deb5f46aa79c169b4def7df",
                            "image": "sha256:6701656d40cab0648d6d864014f4e8cfdc296f03e5c98e9d23552e8c250e015a",
                            "ip_address": "172.17.0.3",
                            "ip_prefix_length": "16",
                            "log_driver": "json-file",
                            "logs": "false",
                            "must_run": "true",
                            "name": "blog_prod",
                            "network_data.#": "1",
                            "network_data.0.gateway": "172.17.0.1",
                            "network_data.0.ip_address": "172.17.0.3",
                            "network_data.0.ip_prefix_length": "16",
                            "network_data.0.network_name": "bridge",
                            "ports.#": "1",
                            "ports.0.external": "80",
                            "ports.0.internal": "2368",
                            "ports.0.ip": "0.0.0.0",
                            "ports.0.protocol": "tcp",
                            "restart": "no",
                            "rm": "false",
                            "start": "true"
                        },
                        "meta": {
                            "schema_version": "1"
                        },
                        "tainted": false
                    },
                    "deposed": [],
                    "provider": "provider.docker"
                },
                "docker_image.image_id": {
                    "type": "docker_image",
                    "depends_on": [],
                    "primary": {
                        "id": "sha256:6701656d40cab0648d6d864014f4e8cfdc296f03e5c98e9d23552e8c250e015aghost:alpine",
                        "attributes": {
                            "id": "sha256:6701656d40cab0648d6d864014f4e8cfdc296f03e5c98e9d23552e8c250e015aghost:alpine",
                            "latest": "sha256:6701656d40cab0648d6d864014f4e8cfdc296f03e5c98e9d23552e8c250e015a",
                            "name": "ghost:alpine"
                        },
                        "meta": {},
                        "tainted": false
                    },
                    "deposed": [],
                    "provider": "provider.docker"
                }
            },
            "depends_on": []
        }
    ]
}
