{
    "version": 3,
    "terraform_version": "0.11.13",
    "serial": 7,
    "lineage": "370049f2-0727-5f3a-fda6-8ac27514c295",
    "modules": [
        {
            "path": [
                "root"
            ],
            "outputs": {
                "container_name": {
                    "sensitive": false,
                    "type": "string",
                    "value": "ghost_blog"
                },
                "ip": {
                    "sensitive": false,
                    "type": "string",
                    "value": "172.17.0.2"
                }
            },
            "resources": {},
            "depends_on": []
        },
        {
            "path": [
                "root",
                "container"
            ],
            "outputs": {
                "container_name": {
                    "sensitive": false,
                    "type": "string",
                    "value": "ghost_blog"
                },
                "ip": {
                    "sensitive": false,
                    "type": "string",
                    "value": "172.17.0.2"
                }
            },
            "resources": {
                "docker_container.container_id": {
                    "type": "docker_container",
                    "depends_on": [],
                    "primary": {
                        "id": "1cccfa8a37f2afcb4102ce2f53bf0b8a5e84dbf7ef8225948abc1734be468b7c",
                        "attributes": {
                            "attach": "false",
                            "bridge": "",
                            "gateway": "172.17.0.1",
                            "id": "1cccfa8a37f2afcb4102ce2f53bf0b8a5e84dbf7ef8225948abc1734be468b7c",
                            "image": "sha256:e706fb11068af625e2e250a1f25d6f9b914e6a9d822d55c928c7e0431f5ac552",
                            "ip_address": "172.17.0.2",
                            "ip_prefix_length": "16",
                            "log_driver": "json-file",
                            "logs": "false",
                            "must_run": "true",
                            "name": "ghost_blog",
                            "network_data.#": "1",
                            "network_data.0.gateway": "172.17.0.1",
                            "network_data.0.ip_address": "172.17.0.2",
                            "network_data.0.ip_prefix_length": "16",
                            "network_data.0.network_name": "bridge",
                            "ports.#": "1",
                            "ports.0.external": "80",
                            "ports.0.internal": "2368",
                            "ports.0.ip": "0.0.0.0",
                            "ports.0.protocol": "tcp",
                            "restart": "no",
                            "rm": "false",
                            "start": "true"
                        },
                        "meta": {
                            "schema_version": "1"
                        },
                        "tainted": false
                    },
                    "deposed": [],
                    "provider": "provider.docker"
                }
            },
            "depends_on": []
        },
        {
            "path": [
                "root",
                "image"
            ],
            "outputs": {
                "image_out": {
                    "sensitive": false,
                    "type": "string",
                    "value": "sha256:e706fb11068af625e2e250a1f25d6f9b914e6a9d822d55c928c7e0431f5ac552"
                }
            },
            "resources": {
                "docker_image.image_id": {
                    "type": "docker_image",
                    "depends_on": [],
                    "primary": {
                        "id": "sha256:e706fb11068af625e2e250a1f25d6f9b914e6a9d822d55c928c7e0431f5ac552ghost:latest",
                        "attributes": {
                            "id": "sha256:e706fb11068af625e2e250a1f25d6f9b914e6a9d822d55c928c7e0431f5ac552ghost:latest",
                            "latest": "sha256:e706fb11068af625e2e250a1f25d6f9b914e6a9d822d55c928c7e0431f5ac552",
                            "name": "ghost:latest"
                        },
                        "meta": {},
                        "tainted": false
                    },
                    "deposed": [],
                    "provider": "provider.docker"
                }
            },
            "depends_on": []
        }
    ]
}
