{
    "version": 3,
    "terraform_version": "0.11.13",
    "serial": 3,
    "lineage": "d62fb9d0-49ed-76c0-54ff-b08ff385e555",
    "modules": [
        {
            "path": [
                "root"
            ],
            "outputs": {},
            "resources": {
                "docker_image.mysql_image": {
                    "type": "docker_image",
                    "depends_on": [],
                    "primary": {
                        "id": "sha256:cd3ed0dfff7e89f4330db6eaca2a127423df03be229d04a7e9f614fb0849121fmysql:5.7",
                        "attributes": {
                            "id": "sha256:cd3ed0dfff7e89f4330db6eaca2a127423df03be229d04a7e9f614fb0849121fmysql:5.7",
                            "latest": "sha256:cd3ed0dfff7e89f4330db6eaca2a127423df03be229d04a7e9f614fb0849121f",
                            "name": "mysql:5.7"
                        },
                        "meta": {},
                        "tainted": false
                    },
                    "deposed": [],
                    "provider": "provider.docker"
                },
                "docker_network.private_overlay_network": {
                    "type": "docker_network",
                    "depends_on": [],
                    "primary": {
                        "id": "vis1mpjfuj4g4dfsvbz6nubct",
                        "attributes": {
                            "attachable": "false",
                            "driver": "overlay",
                            "id": "vis1mpjfuj4g4dfsvbz6nubct",
                            "ingress": "false",
                            "internal": "true",
                            "ipv6": "false",
                            "name": "mysql_internal",
                            "options.%": "1",
                            "options.com.docker.network.driver.overlay.vxlanid_list": "4099",
                            "scope": "swarm"
                        },
                        "meta": {},
                        "tainted": false
                    },
                    "deposed": [],
                    "provider": "provider.docker"
                },
                "docker_secret.mysql_db_password": {
                    "type": "docker_secret",
                    "depends_on": [],
                    "primary": {
                        "id": "ogcnn4oi70e8p4gwa6gdau0q3",
                        "attributes": {
                            "data": "cDRzU1dvUmQwIQo=",
                            "id": "ogcnn4oi70e8p4gwa6gdau0q3",
                            "name": "db_password"
                        },
                        "meta": {},
                        "tainted": false
                    },
                    "deposed": [],
                    "provider": "provider.docker"
                },
                "docker_secret.mysql_root_password": {
                    "type": "docker_secret",
                    "depends_on": [],
                    "primary": {
                        "id": "qmw6bvfr7dcfnpcahguj065ef",
                        "attributes": {
                            "data": "cDRzU1dvUmQwIQo=",
                            "id": "qmw6bvfr7dcfnpcahguj065ef",
                            "name": "root_password"
                        },
                        "meta": {},
                        "tainted": false
                    },
                    "deposed": [],
                    "provider": "provider.docker"
                },
                "docker_service.mysql-service": {
                    "type": "docker_service",
                    "depends_on": [
                        "docker_image.mysql_image",
                        "docker_network.private_overlay_network",
                        "docker_secret.mysql_db_password",
                        "docker_secret.mysql_root_password",
                        "docker_volume.mysql_data_volume"
                    ],
                    "primary": {
                        "id": "81c95wxhnhptyclp5y5vp9m30",
                        "attributes": {
                            "endpoint_spec.#": "1",
                            "endpoint_spec.0.mode": "vip",
                            "endpoint_spec.0.ports.#": "0",
                            "id": "81c95wxhnhptyclp5y5vp9m30",
                            "labels.%": "0",
                            "mode.#": "1",
                            "mode.0.global": "false",
                            "mode.0.replicated.#": "1",
                            "mode.0.replicated.0.replicas": "1",
                            "name": "mysql_db",
                            "rollback_config.#": "0",
                            "task_spec.#": "1",
                            "task_spec.0.container_spec.#": "1",
                            "task_spec.0.container_spec.0.args.#": "0",
                            "task_spec.0.container_spec.0.command.#": "0",
                            "task_spec.0.container_spec.0.configs.#": "0",
                            "task_spec.0.container_spec.0.dir": "",
                            "task_spec.0.container_spec.0.dns_config.#": "1",
                            "task_spec.0.container_spec.0.env.%": "3",
                            "task_spec.0.container_spec.0.env.MYSQL_DATABASE": "mydb",
                            "task_spec.0.container_spec.0.env.MYSQL_PASSWORD_FILE": "/run/secrets/db_password",
                            "task_spec.0.container_spec.0.env.MYSQL_ROOT_PASSWORD_FILE": "/run/secrets/root_password",
                            "task_spec.0.container_spec.0.groups.#": "0",
                            "task_spec.0.container_spec.0.healthcheck.#": "1",
                            "task_spec.0.container_spec.0.healthcheck.0.interval": "0s",
                            "task_spec.0.container_spec.0.healthcheck.0.retries": "0",
                            "task_spec.0.container_spec.0.healthcheck.0.start_period": "0s",
                            "task_spec.0.container_spec.0.healthcheck.0.test.#": "0",
                            "task_spec.0.container_spec.0.healthcheck.0.timeout": "0s",
                            "task_spec.0.container_spec.0.hostname": "",
                            "task_spec.0.container_spec.0.hosts.#": "0",
                            "task_spec.0.container_spec.0.image": "mysql:5.7@sha256:44b33224e3c406bf50b5a2ee4286ed0d7f2c5aec1f7fdb70291f7f7c570284dd",
                            "task_spec.0.container_spec.0.isolation": "default",
                            "task_spec.0.container_spec.0.labels.%": "0",
                            "task_spec.0.container_spec.0.mounts.#": "1",
                            "task_spec.0.container_spec.0.mounts.3473292824.bind_options.#": "0",
                            "task_spec.0.container_spec.0.mounts.3473292824.read_only": "false",
                            "task_spec.0.container_spec.0.mounts.3473292824.source": "mysql_data",
                            "task_spec.0.container_spec.0.mounts.3473292824.target": "/var/lib/mysql",
                            "task_spec.0.container_spec.0.mounts.3473292824.tmpfs_options.#": "0",
                            "task_spec.0.container_spec.0.mounts.3473292824.type": "volume",
                            "task_spec.0.container_spec.0.mounts.3473292824.volume_options.#": "0",
                            "task_spec.0.container_spec.0.privileges.#": "0",
                            "task_spec.0.container_spec.0.read_only": "false",
                            "task_spec.0.container_spec.0.secrets.#": "2",
                            "task_spec.0.container_spec.0.secrets.2543049252.file_name": "/run/secrets/root_password",
                            "task_spec.0.container_spec.0.secrets.2543049252.secret_id": "qmw6bvfr7dcfnpcahguj065ef",
                            "task_spec.0.container_spec.0.secrets.2543049252.secret_name": "root_password",
                            "task_spec.0.container_spec.0.secrets.3717869727.file_name": "/run/secrets/db_password",
                            "task_spec.0.container_spec.0.secrets.3717869727.secret_id": "ogcnn4oi70e8p4gwa6gdau0q3",
                            "task_spec.0.container_spec.0.secrets.3717869727.secret_name": "db_password",
                            "task_spec.0.container_spec.0.stop_grace_period": "0s",
                            "task_spec.0.container_spec.0.stop_signal": "",
                            "task_spec.0.container_spec.0.user": "",
                            "task_spec.0.force_update": "0",
                            "task_spec.0.log_driver.#": "0",
                            "task_spec.0.networks.#": "1",
                            "task_spec.0.networks.4280461456": "vis1mpjfuj4g4dfsvbz6nubct",
                            "task_spec.0.placement.#": "1",
                            "task_spec.0.placement.0.constraints.#": "0",
                            "task_spec.0.placement.0.platforms.#": "1",
                            "task_spec.0.placement.0.platforms.2822266258.architecture": "amd64",
                            "task_spec.0.placement.0.platforms.2822266258.os": "linux",
                            "task_spec.0.placement.0.prefs.#": "0",
                            "task_spec.0.resources.#": "1",
                            "task_spec.0.resources.0.limits.#": "0",
                            "task_spec.0.resources.0.reservation.#": "0",
                            "task_spec.0.restart_policy.%": "2",
                            "task_spec.0.restart_policy.condition": "any",
                            "task_spec.0.restart_policy.max_attempts": "0",
                            "task_spec.0.runtime": "container",
                            "update_config.#": "0"
                        },
                        "meta": {},
                        "tainted": false
                    },
                    "deposed": [],
                    "provider": "provider.docker"
                },
                "docker_volume.mysql_data_volume": {
                    "type": "docker_volume",
                    "depends_on": [],
                    "primary": {
                        "id": "mysql_data",
                        "attributes": {
                            "driver": "local",
                            "id": "mysql_data",
                            "mountpoint": "/var/lib/docker/volumes/mysql_data/_data",
                            "name": "mysql_data"
                        },
                        "meta": {},
                        "tainted": false
                    },
                    "deposed": [],
                    "provider": "provider.docker"
                }
            },
            "depends_on": []
        }
    ]
}
